// !$*UTF8*$!
{
	archiveVersion = 1;
	classes = {
	};
	objectVersion = 55;
	objects = {

/* Begin PBXBuildFile section */
		495BFB33281971A900BCE7E2 /* RealmAppApp.swift in Sources */ = {isa = PBXBuildFile; fileRef = 495BFB32281971A900BCE7E2 /* RealmAppApp.swift */; };
		495BFB35281971A900BCE7E2 /* TodoListView.swift in Sources */ = {isa = PBXBuildFile; fileRef = 495BFB34281971A900BCE7E2 /* TodoListView.swift */; };
		495BFB37281971AA00BCE7E2 /* Assets.xcassets in Resources */ = {isa = PBXBuildFile; fileRef = 495BFB36281971AA00BCE7E2 /* Assets.xcassets */; };
		495BFB3A281971AA00BCE7E2 /* Preview Assets.xcassets in Resources */ = {isa = PBXBuildFile; fileRef = 495BFB39281971AA00BCE7E2 /* Preview Assets.xcassets */; };
		495BFB412819740900BCE7E2 /* Launch Screen.storyboard in Resources */ = {isa = PBXBuildFile; fileRef = 495BFB402819740900BCE7E2 /* Launch Screen.storyboard */; };
		4967A3FD281AE63F00E62BCD /* TodoListRow.swift in Sources */ = {isa = PBXBuildFile; fileRef = 4967A3FC281AE63F00E62BCD /* TodoListRow.swift */; };
		4998E8E0281978FF00CC3E3A /* Realm in Frameworks */ = {isa = PBXBuildFile; productRef = 4998E8DF281978FF00CC3E3A /* Realm */; };
		4998E8E2281978FF00CC3E3A /* RealmSwift in Frameworks */ = {isa = PBXBuildFile; productRef = 4998E8E1281978FF00CC3E3A /* RealmSwift */; };
		49A8F9FE2819840D009EEA30 /* Todo.swift in Sources */ = {isa = PBXBuildFile; fileRef = 49A8F9FD2819840D009EEA30 /* Todo.swift */; };
/* End PBXBuildFile section */

/* Begin PBXFileReference section */
		495BFB2F281971A900BCE7E2 /* RealmApp.app */ = {isa = PBXFileReference; explicitFileType = wrapper.application; includeInIndex = 0; path = RealmApp.app; sourceTree = BUILT_PRODUCTS_DIR; };
		495BFB32281971A900BCE7E2 /* RealmAppApp.swift */ = {isa = PBXFileReference; lastKnownFileType = sourcecode.swift; path = RealmAppApp.swift; sourceTree = "<group>"; };
		495BFB34281971A900BCE7E2 /* TodoListView.swift */ = {isa = PBXFileReference; lastKnownFileType = sourcecode.swift; path = TodoListView.swift; sourceTree = "<group>"; };
		495BFB36281971AA00BCE7E2 /* Assets.xcassets */ = {isa = PBXFileReference; lastKnownFileType = folder.assetcatalog; path = Assets.xcassets; sourceTree = "<group>"; };
		495BFB39281971AA00BCE7E2 /* Preview Assets.xcassets */ = {isa = PBXFileReference; lastKnownFileType = folder.assetcatalog; path = "Preview Assets.xcassets"; sourceTree = "<group>"; };
		495BFB402819740900BCE7E2 /* Launch Screen.storyboard */ = {isa = PBXFileReference; lastKnownFileType = file.storyboard; path = "Launch Screen.storyboard"; sourceTree = "<group>"; };
		4967A3FC281AE63F00E62BCD /* TodoListRow.swift */ = {isa = PBXFileReference; lastKnownFileType = sourcecode.swift; path = TodoListRow.swift; sourceTree = "<group>"; };
		49A8F9FD2819840D009EEA30 /* Todo.swift */ = {isa = PBXFileReference; lastKnownFileType = sourcecode.swift; path = Todo.swift; sourceTree = "<group>"; };
/* End PBXFileReference section */

/* Begin PBXFrameworksBuildPhase section */
		495BFB2C281971A900BCE7E2 /* Frameworks */ = {
			isa = PBXFrameworksBuildPhase;
			buildActionMask = 2147483647;
			files = (
				4998E8E2281978FF00CC3E3A /* RealmSwift in Frameworks */,
				4998E8E0281978FF00CC3E3A /* Realm in Frameworks */,
			);
			runOnlyForDeploymentPostprocessing = 0;
		};
/* End PBXFrameworksBuildPhase section */

/* Begin PBXGroup section */
		495BFB26281971A900BCE7E2 = {
			isa = PBXGroup;
			children = (
				495BFB31281971A900BCE7E2 /* RealmApp */,
				495BFB30281971A900BCE7E2 /* Products */,
			);
			sourceTree = "<group>";
		};
		495BFB30281971A900BCE7E2 /* Products */ = {
			isa = PBXGroup;
			children = (
				495BFB2F281971A900BCE7E2 /* RealmApp.app */,
			);
			name = Products;
			sourceTree = "<group>";
		};
		495BFB31281971A900BCE7E2 /* RealmApp */ = {
			isa = PBXGroup;
			children = (
				4967A3FB281AE63500E62BCD /* Views */,
				49A8F9FC281983AD009EEA30 /* Models */,
				495BFB32281971A900BCE7E2 /* RealmAppApp.swift */,
				495BFB34281971A900BCE7E2 /* TodoListView.swift */,
				495BFB36281971AA00BCE7E2 /* Assets.xcassets */,
				495BFB38281971AA00BCE7E2 /* Preview Content */,
				495BFB402819740900BCE7E2 /* Launch Screen.storyboard */,
			);
			path = RealmApp;
			sourceTree = "<group>";
		};
		495BFB38281971AA00BCE7E2 /* Preview Content */ = {
			isa = PBXGroup;
			children = (
				495BFB39281971AA00BCE7E2 /* Preview Assets.xcassets */,
			);
			path = "Preview Content";
			sourceTree = "<group>";
		};
		4967A3FB281AE63500E62BCD /* Views */ = {
			isa = PBXGroup;
			children = (
				4967A3FC281AE63F00E62BCD /* TodoListRow.swift */,
			);
			path = Views;
			sourceTree = "<group>";
		};
		49A8F9FC281983AD009EEA30 /* Models */ = {
			isa = PBXGroup;
			children = (
				49A8F9FD2819840D009EEA30 /* Todo.swift */,
			);
			path = Models;
			sourceTree = "<group>";
		};
/* End PBXGroup section */

/* Begin PBXNativeTarget section */
		495BFB2E281971A900BCE7E2 /* RealmApp */ = {
			isa = PBXNativeTarget;
			buildConfigurationList = 495BFB3D281971AA00BCE7E2 /* Build configuration list for PBXNativeTarget "RealmApp" */;
			buildPhases = (
				495BFB2B281971A900BCE7E2 /* Sources */,
				495BFB2C281971A900BCE7E2 /* Frameworks */,
				495BFB2D281971A900BCE7E2 /* Resources */,
			);
			buildRules = (
			);
			dependencies = (
			);
			name = RealmApp;
			packageProductDependencies = (
				4998E8DF281978FF00CC3E3A /* Realm */,
				4998E8E1281978FF00CC3E3A /* RealmSwift */,
			);
			productName = RealmApp;
			productReference = 495BFB2F281971A900BCE7E2 /* RealmApp.app */;
			productType = "com.apple.product-type.application";
		};
/* End PBXNativeTarget section */

/* Begin PBXProject section */
		495BFB27281971A900BCE7E2 /* Project object */ = {
			isa = PBXProject;
			attributes = {
				BuildIndependentTargetsInParallel = 1;
				LastSwiftUpdateCheck = 1320;
				LastUpgradeCheck = 1320;
				TargetAttributes = {
					495BFB2E281971A900BCE7E2 = {
						CreatedOnToolsVersion = 13.2;
					};
				};
			};
			buildConfigurationList = 495BFB2A281971A900BCE7E2 /* Build configuration list for PBXProject "RealmApp" */;
			compatibilityVersion = "Xcode 13.0";
			developmentRegion = en;
			hasScannedForEncodings = 0;
			knownRegions = (
				en,
				Base,
			);
			mainGroup = 495BFB26281971A900BCE7E2;
			packageReferences = (
				4998E8DE281978FF00CC3E3A /* XCRemoteSwiftPackageReference "realm-swift" */,
			);
			productRefGroup = 495BFB30281971A900BCE7E2 /* Products */;
			projectDirPath = "";
			projectRoot = "";
			targets = (
				495BFB2E281971A900BCE7E2 /* RealmApp */,
			);
		};
/* End PBXProject section */

/* Begin PBXResourcesBuildPhase section */
		495BFB2D281971A900BCE7E2 /* Resources */ = {
			isa = PBXResourcesBuildPhase;
			buildActionMask = 2147483647;
			files = (
				495BFB412819740900BCE7E2 /* Launch Screen.storyboard in Resources */,
				495BFB3A281971AA00BCE7E2 /* Preview Assets.xcassets in Resources */,
				495BFB37281971AA00BCE7E2 /* Assets.xcassets in Resources */,
			);
			runOnlyForDeploymentPostprocessing = 0;
		};
/* End PBXResourcesBuildPhase section */

/* Begin PBXSourcesBuildPhase section */
		495BFB2B281971A900BCE7E2 /* Sources */ = {
			isa = PBXSourcesBuildPhase;
			buildActionMask = 2147483647;
			files = (
				495BFB35281971A900BCE7E2 /* TodoListView.swift in Sources */,
				49A8F9FE2819840D009EEA30 /* Todo.swift in Sources */,
				4967A3FD281AE63F00E62BCD /* TodoListRow.swift in Sources */,
				495BFB33281971A900BCE7E2 /* RealmAppApp.swift in Sources */,
			);
			runOnlyForDeploymentPostprocessing = 0;
		};
/* End PBXSourcesBuildPhase section */

/* Begin XCBuildConfiguration section */
		495BFB3B281971AA00BCE7E2 /* Debug */ = {
			isa = XCBuildConfiguration;
			buildSettings = {
				ALWAYS_SEARCH_USER_PATHS = NO;
				CLANG_ANALYZER_NONNULL = YES;
				CLANG_ANALYZER_NUMBER_OBJECT_CONVERSION = YES_AGGRESSIVE;
				CLANG_CXX_LANGUAGE_STANDARD = "gnu++17";
				CLANG_CXX_LIBRARY = "libc++";
				CLANG_ENABLE_MODULES = YES;
				CLANG_ENABLE_OBJC_ARC = YES;
				CLANG_ENABLE_OBJC_WEAK = YES;
				CLANG_WARN_BLOCK_CAPTURE_AUTORELEASING = YES;
				CLANG_WARN_BOOL_CONVERSION = YES;
				CLANG_WARN_COMMA = YES;
				CLANG_WARN_CONSTANT_CONVERSION = YES;
				CLANG_WARN_DEPRECATED_OBJC_IMPLEMENTATIONS = YES;
				CLANG_WARN_DIRECT_OBJC_ISA_USAGE = YES_ERROR;
				CLANG_WARN_DOCUMENTATION_COMMENTS = YES;
				CLANG_WARN_EMPTY_BODY = YES;
				CLANG_WARN_ENUM_CONVERSION = YES;
				CLANG_WARN_INFINITE_RECURSION = YES;
				CLANG_WARN_INT_CONVERSION = YES;
				CLANG_WARN_NON_LITERAL_NULL_CONVERSION = YES;
				CLANG_WARN_OBJC_IMPLICIT_RETAIN_SELF = YES;
				CLANG_WARN_OBJC_LITERAL_CONVERSION = YES;
				CLANG_WARN_OBJC_ROOT_CLASS = YES_ERROR;
				CLANG_WARN_QUOTED_INCLUDE_IN_FRAMEWORK_HEADER = YES;
				CLANG_WARN_RANGE_LOOP_ANALYSIS = YES;
				CLANG_WARN_STRICT_PROTOTYPES = YES;
				CLANG_WARN_SUSPICIOUS_MOVE = YES;
				CLANG_WARN_UNGUARDED_AVAILABILITY = YES_AGGRESSIVE;
				CLANG_WARN_UNREACHABLE_CODE = YES;
				CLANG_WARN__DUPLICATE_METHOD_MATCH = YES;
				COPY_PHASE_STRIP = NO;
				DEBUG_INFORMATION_FORMAT = dwarf;
				ENABLE_STRICT_OBJC_MSGSEND = YES;
				ENABLE_TESTABILITY = YES;
				GCC_C_LANGUAGE_STANDARD = gnu11;
				GCC_DYNAMIC_NO_PIC = NO;
				GCC_NO_COMMON_BLOCKS = YES;
				GCC_OPTIMIZATION_LEVEL = 0;
				GCC_PREPROCESSOR_DEFINITIONS = (
					"DEBUG=1",
					"$(inherited)",
				);
				GCC_WARN_64_TO_32_BIT_CONVERSION = YES;
				GCC_WARN_ABOUT_RETURN_TYPE = YES_ERROR;
				GCC_WARN_UNDECLARED_SELECTOR = YES;
				GCC_WARN_UNINITIALIZED_AUTOS = YES_AGGRESSIVE;
				GCC_WARN_UNUSED_FUNCTION = YES;
				GCC_WARN_UNUSED_VARIABLE = YES;
				IPHONEOS_DEPLOYMENT_TARGET = 15.2;
				MTL_ENABLE_DEBUG_INFO = INCLUDE_SOURCE;
				MTL_FAST_MATH = YES;
				ONLY_ACTIVE_ARCH = YES;
				SDKROOT = iphoneos;
				SWIFT_ACTIVE_COMPILATION_CONDITIONS = DEBUG;
				SWIFT_OPTIMIZATION_LEVEL = "-Onone";
			};
			name = Debug;
		};
		495BFB3C281971AA00BCE7E2 /* Release */ = {
			isa = XCBuildConfiguration;
			buildSettings = {
				ALWAYS_SEARCH_USER_PATHS = NO;
				CLANG_ANALYZER_NONNULL = YES;
				CLANG_ANALYZER_NUMBER_OBJECT_CONVERSION = YES_AGGRESSIVE;
				CLANG_CXX_LANGUAGE_STANDARD = "gnu++17";
				CLANG_CXX_LIBRARY = "libc++";
				CLANG_ENABLE_MODULES = YES;
				CLANG_ENABLE_OBJC_ARC = YES;
				CLANG_ENABLE_OBJC_WEAK = YES;
				CLANG_WARN_BLOCK_CAPTURE_AUTORELEASING = YES;
				CLANG_WARN_BOOL_CONVERSION = YES;
				CLANG_WARN_COMMA = YES;
				CLANG_WARN_CONSTANT_CONVERSION = YES;
				CLANG_WARN_DEPRECATED_OBJC_IMPLEMENTATIONS = YES;
				CLANG_WARN_DIRECT_OBJC_ISA_USAGE = YES_ERROR;
				CLANG_WARN_DOCUMENTATION_COMMENTS = YES;
				CLANG_WARN_EMPTY_BODY = YES;
				CLANG_WARN_ENUM_CONVERSION = YES;
				CLANG_WARN_INFINITE_RECURSION = YES;
				CLANG_WARN_INT_CONVERSION = YES;
				CLANG_WARN_NON_LITERAL_NULL_CONVERSION = YES;
				CLANG_WARN_OBJC_IMPLICIT_RETAIN_SELF = YES;
				CLANG_WARN_OBJC_LITERAL_CONVERSION = YES;
				CLANG_WARN_OBJC_ROOT_CLASS = YES_ERROR;
				CLANG_WARN_QUOTED_INCLUDE_IN_FRAMEWORK_HEADER = YES;
				CLANG_WARN_RANGE_LOOP_ANALYSIS = YES;
				CLANG_WARN_STRICT_PROTOTYPES = YES;
				CLANG_WARN_SUSPICIOUS_MOVE = YES;
				CLANG_WARN_UNGUARDED_AVAILABILITY = YES_AGGRESSIVE;
				CLANG_WARN_UNREACHABLE_CODE = YES;
				CLANG_WARN__DUPLICATE_METHOD_MATCH = YES;
				COPY_PHASE_STRIP = NO;
				DEBUG_INFORMATION_FORMAT = "dwarf-with-dsym";
				ENABLE_NS_ASSERTIONS = NO;
				ENABLE_STRICT_OBJC_MSGSEND = YES;
				GCC_C_LANGUAGE_STANDARD = gnu11;
				GCC_NO_COMMON_BLOCKS = YES;
				GCC_WARN_64_TO_32_BIT_CONVERSION = YES;
				GCC_WARN_ABOUT_RETURN_TYPE = YES_ERROR;
				GCC_WARN_UNDECLARED_SELECTOR = YES;
				GCC_WARN_UNINITIALIZED_AUTOS = YES_AGGRESSIVE;
				GCC_WARN_UNUSED_FUNCTION = YES;
				GCC_WARN_UNUSED_VARIABLE = YES;
				IPHONEOS_DEPLOYMENT_TARGET = 15.2;
				MTL_ENABLE_DEBUG_INFO = NO;
				MTL_FAST_MATH = YES;
				SDKROOT = iphoneos;
				SWIFT_COMPILATION_MODE = wholemodule;
				SWIFT_OPTIMIZATION_LEVEL = "-O";
				VALIDATE_PRODUCT = YES;
			};
			name = Release;
		};
		495BFB3E281971AA00BCE7E2 /* Debug */ = {
			isa = XCBuildConfiguration;
			buildSettings = {
				ASSETCATALOG_COMPILER_APPICON_NAME = AppIcon;
				ASSETCATALOG_COMPILER_GLOBAL_ACCENT_COLOR_NAME = AccentColor;
				CODE_SIGN_STYLE = Automatic;
				CURRENT_PROJECT_VERSION = 1;
				DEVELOPMENT_ASSET_PATHS = "\"RealmApp/Preview Content\"";
				DEVELOPMENT_TEAM = 3GTE9X3BX2;
				ENABLE_PREVIEWS = YES;
				GENERATE_INFOPLIST_FILE = YES;
				INFOPLIST_KEY_UIApplicationSceneManifest_Generation = YES;
				INFOPLIST_KEY_UIApplicationSupportsIndirectInputEvents = YES;
				INFOPLIST_KEY_UILaunchScreen_Generation = YES;
				INFOPLIST_KEY_UILaunchStoryboardName = "Launch Screen";
				INFOPLIST_KEY_UISupportedInterfaceOrientations = UIInterfaceOrientationLandscapeRight;
				INFOPLIST_KEY_UISupportedInterfaceOrientations_iPad = "UIInterfaceOrientationPortrait UIInterfaceOrientationPortraitUpsideDown UIInterfaceOrientationLandscapeLeft UIInterfaceOrientationLandscapeRight";
				INFOPLIST_KEY_UISupportedInterfaceOrientations_iPhone = "UIInterfaceOrientationPortrait UIInterfaceOrientationLandscapeLeft UIInterfaceOrientationLandscapeRight";
				LD_RUNPATH_SEARCH_PATHS = (
					"$(inherited)",
					"@executable_path/Frameworks",
				);
				MARKETING_VERSION = 1.0;
				PRODUCT_BUNDLE_IDENTIFIER = apps.bytesizedsoftware.RealmApp;
				PRODUCT_NAME = "$(TARGET_NAME)";
				SWIFT_EMIT_LOC_STRINGS = YES;
				SWIFT_VERSION = 5.0;
				TARGETED_DEVICE_FAMILY = "1,2";
			};
			name = Debug;
		};
		495BFB3F281971AA00BCE7E2 /* Release */ = {
			isa = XCBuildConfiguration;
			buildSettings = {
				ASSETCATALOG_COMPILER_APPICON_NAME = AppIcon;
				ASSETCATALOG_COMPILER_GLOBAL_ACCENT_COLOR_NAME = AccentColor;
				CODE_SIGN_STYLE = Automatic;
				CURRENT_PROJECT_VERSION = 1;
				DEVELOPMENT_ASSET_PATHS = "\"RealmApp/Preview Content\"";
				DEVELOPMENT_TEAM = 3GTE9X3BX2;
				ENABLE_PREVIEWS = YES;
				GENERATE_INFOPLIST_FILE = YES;
				INFOPLIST_KEY_UIApplicationSceneManifest_Generation = YES;
				INFOPLIST_KEY_UIApplicationSupportsIndirectInputEvents = YES;
				INFOPLIST_KEY_UILaunchScreen_Generation = YES;
				INFOPLIST_KEY_UILaunchStoryboardName = "Launch Screen";
				INFOPLIST_KEY_UISupportedInterfaceOrientations = UIInterfaceOrientationLandscapeRight;
				INFOPLIST_KEY_UISupportedInterfaceOrientations_iPad = "UIInterfaceOrientationPortrait UIInterfaceOrientationPortraitUpsideDown UIInterfaceOrientationLandscapeLeft UIInterfaceOrientationLandscapeRight";
				INFOPLIST_KEY_UISupportedInterfaceOrientations_iPhone = "UIInterfaceOrientationPortrait UIInterfaceOrientationLandscapeLeft UIInterfaceOrientationLandscapeRight";
				LD_RUNPATH_SEARCH_PATHS = (
					"$(inherited)",
					"@executable_path/Frameworks",
				);
				MARKETING_VERSION = 1.0;
				PRODUCT_BUNDLE_IDENTIFIER = apps.bytesizedsoftware.RealmApp;
				PRODUCT_NAME = "$(TARGET_NAME)";
				SWIFT_EMIT_LOC_STRINGS = YES;
				SWIFT_VERSION = 5.0;
				TARGETED_DEVICE_FAMILY = "1,2";
			};
			name = Release;
		};
/* End XCBuildConfiguration section */

/* Begin XCConfigurationList section */
		495BFB2A281971A900BCE7E2 /* Build configuration list for PBXProject "RealmApp" */ = {
			isa = XCConfigurationList;
			buildConfigurations = (
				495BFB3B281971AA00BCE7E2 /* Debug */,
				495BFB3C281971AA00BCE7E2 /* Release */,
			);
			defaultConfigurationIsVisible = 0;
			defaultConfigurationName = Release;
		};
		495BFB3D281971AA00BCE7E2 /* Build configuration list for PBXNativeTarget "RealmApp" */ = {
			isa = XCConfigurationList;
			buildConfigurations = (
				495BFB3E281971AA00BCE7E2 /* Debug */,
				495BFB3F281971AA00BCE7E2 /* Release */,
			);
			defaultConfigurationIsVisible = 0;
			defaultConfigurationName = Release;
		};
/* End XCConfigurationList section */

/* Begin XCRemoteSwiftPackageReference section */
		4998E8DE281978FF00CC3E3A /* XCRemoteSwiftPackageReference "realm-swift" */ = {
			isa = XCRemoteSwiftPackageReference;
			repositoryURL = "https://github.com/realm/realm-swift.git";
			requirement = {
				kind = exactVersion;
				version = 10.19.0;
			};
		};
/* End XCRemoteSwiftPackageReference section */

/* Begin XCSwiftPackageProductDependency section */
		4998E8DF281978FF00CC3E3A /* Realm */ = {
			isa = XCSwiftPackageProductDependency;
			package = 4998E8DE281978FF00CC3E3A /* XCRemoteSwiftPackageReference "realm-swift" */;
			productName = Realm;
		};
		4998E8E1281978FF00CC3E3A /* RealmSwift */ = {
			isa = XCSwiftPackageProductDependency;
			package = 4998E8DE281978FF00CC3E3A /* XCRemoteSwiftPackageReference "realm-swift" */;
			productName = RealmSwift;
		};
/* End XCSwiftPackageProductDependency section */
	};
	rootObject = 495BFB27281971A900BCE7E2 /* Project object */;
}
